
Microsoft Visual Studio Solution File, Format Version 12.00
# Visual Studio Version 17
VisualStudioVersion = 17.9.34714.143
MinimumVisualStudioVersion = 10.0.40219.1
Project("{9A19103F-16F7-4668-BE54-9A1E7A4F7556}") = "CompCamo", "CompCamo\CompCamo.csproj", "{72BE9D73-A0C4-4196-86A7-794B9E39AC1C}"
EndProject
Global
	GlobalSection(SolutionConfigurationPlatforms) = preSolution
		Debug|Any CPU = Debug|Any CPU
		Release|Any CPU = Release|Any CPU
	EndGlobalSection
	GlobalSection(ProjectConfigurationPlatforms) = postSolution
		{72BE9D73-A0C4-4196-86A7-794B9E39AC1C}.Debug|Any CPU.ActiveCfg = Debug|Any CPU
		{72BE9D73-A0C4-4196-86A7-794B9E39AC1C}.Debug|Any CPU.Build.0 = Debug|Any CPU
		{72BE9D73-A0C4-4196-86A7-794B9E39AC1C}.Release|Any CPU.ActiveCfg = Release|Any CPU
		{72BE9D73-A0C4-4196-86A7-794B9E39AC1C}.Release|Any CPU.Build.0 = Release|Any CPU
	EndGlobalSection
	GlobalSection(SolutionProperties) = preSolution
		HideSolutionNode = FALSE
	EndGlobalSection
	GlobalSection(ExtensibilityGlobals) = postSolution
		SolutionGuid = {1DEC8DBC-7926-4F7C-9449-C399F9085D24}
	EndGlobalSection
EndGlobal
